
Microsoft Visual Studio Solution File, Format Version 12.00
# Visual Studio Version 17
VisualStudioVersion = 17.0.31903.59
MinimumVisualStudioVersion = 10.0.40219.1
Project("{FAE04EC0-301F-11D3-BF4B-00C04F79EFBC}") = "API", "API\API.csproj", "{499DF7D0-ACFF-4B7B-882C-159BC84F73E3}"
EndProject
Project("{FAE04EC0-301F-11D3-BF4B-00C04F79EFBC}") = "Core", "Core\Core.csproj", "{4979807D-19F7-4A0F-AF82-B80281F3051C}"
EndProject
Project("{FAE04EC0-301F-11D3-BF4B-00C04F79EFBC}") = "Infraestructure", "Infraestructure\Infraestructure.csproj", "{BDAC02EB-2CF4-413D-905E-85B171EB9CE9}"
EndProject
Global
	GlobalSection(SolutionConfigurationPlatforms) = preSolution
		Debug|Any CPU = Debug|Any CPU
		Release|Any CPU = Release|Any CPU
	EndGlobalSection
	GlobalSection(SolutionProperties) = preSolution
		HideSolutionNode = FALSE
	EndGlobalSection
	GlobalSection(ProjectConfigurationPlatforms) = postSolution
		{499DF7D0-ACFF-4B7B-882C-159BC84F73E3}.Debug|Any CPU.ActiveCfg = Debug|Any CPU
		{499DF7D0-ACFF-4B7B-882C-159BC84F73E3}.Debug|Any CPU.Build.0 = Debug|Any CPU
		{499DF7D0-ACFF-4B7B-882C-159BC84F73E3}.Release|Any CPU.ActiveCfg = Release|Any CPU
		{499DF7D0-ACFF-4B7B-882C-159BC84F73E3}.Release|Any CPU.Build.0 = Release|Any CPU
		{4979807D-19F7-4A0F-AF82-B80281F3051C}.Debug|Any CPU.ActiveCfg = Debug|Any CPU
		{4979807D-19F7-4A0F-AF82-B80281F3051C}.Debug|Any CPU.Build.0 = Debug|Any CPU
		{4979807D-19F7-4A0F-AF82-B80281F3051C}.Release|Any CPU.ActiveCfg = Release|Any CPU
		{4979807D-19F7-4A0F-AF82-B80281F3051C}.Release|Any CPU.Build.0 = Release|Any CPU
		{BDAC02EB-2CF4-413D-905E-85B171EB9CE9}.Debug|Any CPU.ActiveCfg = Debug|Any CPU
		{BDAC02EB-2CF4-413D-905E-85B171EB9CE9}.Debug|Any CPU.Build.0 = Debug|Any CPU
		{BDAC02EB-2CF4-413D-905E-85B171EB9CE9}.Release|Any CPU.ActiveCfg = Release|Any CPU
		{BDAC02EB-2CF4-413D-905E-85B171EB9CE9}.Release|Any CPU.Build.0 = Release|Any CPU
	EndGlobalSection
EndGlobal
